
Microsoft Visual Studio Solution File, Format Version 12.00
# Visual Studio Version 17
VisualStudioVersion = 17.5.33530.505
MinimumVisualStudioVersion = 10.0.40219.1
Project("{FAE04EC0-301F-11D3-BF4B-00C04F79EFBC}") = "code-analysis", "code-analysis\code-analysis.csproj", "{1A14EEBF-4950-495B-A3FF-103750DC2FAE}"
EndProject
Global
	GlobalSection(SolutionConfigurationPlatforms) = preSolution
		Debug|Any CPU = Debug|Any CPU
		Release|Any CPU = Release|Any CPU
	EndGlobalSection
	GlobalSection(ProjectConfigurationPlatforms) = postSolution
		{1A14EEBF-4950-495B-A3FF-103750DC2FAE}.Debug|Any CPU.ActiveCfg = Debug|Any CPU
		{1A14EEBF-4950-495B-A3FF-103750DC2FAE}.Debug|Any CPU.Build.0 = Debug|Any CPU
		{1A14EEBF-4950-495B-A3FF-103750DC2FAE}.Release|Any CPU.ActiveCfg = Release|Any CPU
		{1A14EEBF-4950-495B-A3FF-103750DC2FAE}.Release|Any CPU.Build.0 = Release|Any CPU
	EndGlobalSection
	GlobalSection(SolutionProperties) = preSolution
		HideSolutionNode = FALSE
	EndGlobalSection
	GlobalSection(ExtensibilityGlobals) = postSolution
		SolutionGuid = {1F62EDC9-2BCC-455B-947B-41C8BB808348}
	EndGlobalSection
EndGlobal
